// !$*UTF8*$!
{
	archiveVersion = 1;
	classes = {
	};
	objectVersion = 56;
	objects = {

/* Begin PBXBuildFile section */
		9D4167D82ADAD84B00DA3983 /* Color.swift in Sources */ = {isa = PBXBuildFile; fileRef = 9D4167D72ADAD84B00DA3983 /* Color.swift */; };
		9D4167DE2ADAE90900DA3983 /* MainTitle.swift in Sources */ = {isa = PBXBuildFile; fileRef = 9D4167DD2ADAE90900DA3983 /* MainTitle.swift */; };
		9D4167E02ADAE92900DA3983 /* BuyView.swift in Sources */ = {isa = PBXBuildFile; fileRef = 9D4167DF2ADAE92900DA3983 /* BuyView.swift */; };
		9D4167E22ADAE94700DA3983 /* SellView.swift in Sources */ = {isa = PBXBuildFile; fileRef = 9D4167E12ADAE94700DA3983 /* SellView.swift */; };
		9D4167E42ADAE9BD00DA3983 /* LicenseObject.swift in Sources */ = {isa = PBXBuildFile; fileRef = 9D4167E32ADAE9BD00DA3983 /* LicenseObject.swift */; };
		9D4167E62ADAEEEC00DA3983 /* LicenseTextField.swift in Sources */ = {isa = PBXBuildFile; fileRef = 9D4167E52ADAEEEC00DA3983 /* LicenseTextField.swift */; };
		9D4167E82ADAF7AE00DA3983 /* Sidebar.swift in Sources */ = {isa = PBXBuildFile; fileRef = 9D4167E72ADAF7AE00DA3983 /* Sidebar.swift */; };
		9D70CF542AD99A2B004A329D /* HeyDealerCloneApp.swift in Sources */ = {isa = PBXBuildFile; fileRef = 9D70CF532AD99A2B004A329D /* HeyDealerCloneApp.swift */; };
		9D70CF562AD99A2B004A329D /* ContentView.swift in Sources */ = {isa = PBXBuildFile; fileRef = 9D70CF552AD99A2B004A329D /* ContentView.swift */; };
		9D70CF582AD99A2C004A329D /* Assets.xcassets in Resources */ = {isa = PBXBuildFile; fileRef = 9D70CF572AD99A2C004A329D /* Assets.xcassets */; };
		9D70CF5B2AD99A2C004A329D /* Preview Assets.xcassets in Resources */ = {isa = PBXBuildFile; fileRef = 9D70CF5A2AD99A2C004A329D /* Preview Assets.xcassets */; };
		9D70CF622AD99B45004A329D /* OnboardingView.swift in Sources */ = {isa = PBXBuildFile; fileRef = 9D70CF612AD99B45004A329D /* OnboardingView.swift */; };
		9D70CF662AD99C1B004A329D /* FontManager.swift in Sources */ = {isa = PBXBuildFile; fileRef = 9D70CF652AD99C1B004A329D /* FontManager.swift */; };
		9D70CF702AD99C51004A329D /* Pretendard-Regular.otf in Resources */ = {isa = PBXBuildFile; fileRef = 9D70CF672AD99C51004A329D /* Pretendard-Regular.otf */; };
		9D70CF712AD99C51004A329D /* Pretendard-Black.otf in Resources */ = {isa = PBXBuildFile; fileRef = 9D70CF682AD99C51004A329D /* Pretendard-Black.otf */; };
		9D70CF722AD99C51004A329D /* Pretendard-SemiBold.otf in Resources */ = {isa = PBXBuildFile; fileRef = 9D70CF692AD99C51004A329D /* Pretendard-SemiBold.otf */; };
		9D70CF732AD99C51004A329D /* Pretendard-ExtraLight.otf in Resources */ = {isa = PBXBuildFile; fileRef = 9D70CF6A2AD99C51004A329D /* Pretendard-ExtraLight.otf */; };
		9D70CF742AD99C51004A329D /* Pretendard-ExtraBold.otf in Resources */ = {isa = PBXBuildFile; fileRef = 9D70CF6B2AD99C51004A329D /* Pretendard-ExtraBold.otf */; };
		9D70CF752AD99C51004A329D /* Pretendard-Thin.otf in Resources */ = {isa = PBXBuildFile; fileRef = 9D70CF6C2AD99C51004A329D /* Pretendard-Thin.otf */; };
		9D70CF762AD99C51004A329D /* Pretendard-Bold.otf in Resources */ = {isa = PBXBuildFile; fileRef = 9D70CF6D2AD99C51004A329D /* Pretendard-Bold.otf */; };
		9D70CF772AD99C51004A329D /* Pretendard-Medium.otf in Resources */ = {isa = PBXBuildFile; fileRef = 9D70CF6E2AD99C51004A329D /* Pretendard-Medium.otf */; };
		9D70CF782AD99C51004A329D /* Pretendard-Light.otf in Resources */ = {isa = PBXBuildFile; fileRef = 9D70CF6F2AD99C51004A329D /* Pretendard-Light.otf */; };
		9D70CF7B2AD9A927004A329D /* WebView.swift in Sources */ = {isa = PBXBuildFile; fileRef = 9D70CF7A2AD9A927004A329D /* WebView.swift */; };
		9D70CF7D2AD9B0B0004A329D /* OnboardingAnimationView.swift in Sources */ = {isa = PBXBuildFile; fileRef = 9D70CF7C2AD9B0B0004A329D /* OnboardingAnimationView.swift */; };
		9D8FCFA12ADA54BD00009528 /* toy_car.scn in Resources */ = {isa = PBXBuildFile; fileRef = 9D8FCFA02ADA54BD00009528 /* toy_car.scn */; };
		9D8FCFA32ADA54F700009528 /* CustomSceneView.swift in Sources */ = {isa = PBXBuildFile; fileRef = 9D8FCFA22ADA54F700009528 /* CustomSceneView.swift */; };
		9D8FCFA52ADA55A200009528 /* CarView.swift in Sources */ = {isa = PBXBuildFile; fileRef = 9D8FCFA42ADA55A200009528 /* CarView.swift */; };
		9D8FCFA72ADA90E700009528 /* MainCustomTabBar.swift in Sources */ = {isa = PBXBuildFile; fileRef = 9D8FCFA62ADA90E700009528 /* MainCustomTabBar.swift */; };
/* End PBXBuildFile section */

/* Begin PBXFileReference section */
		9D4167D72ADAD84B00DA3983 /* Color.swift */ = {isa = PBXFileReference; lastKnownFileType = sourcecode.swift; path = Color.swift; sourceTree = "<group>"; };
		9D4167DD2ADAE90900DA3983 /* MainTitle.swift */ = {isa = PBXFileReference; lastKnownFileType = sourcecode.swift; path = MainTitle.swift; sourceTree = "<group>"; };
		9D4167DF2ADAE92900DA3983 /* BuyView.swift */ = {isa = PBXFileReference; lastKnownFileType = sourcecode.swift; path = BuyView.swift; sourceTree = "<group>"; };
		9D4167E12ADAE94700DA3983 /* SellView.swift */ = {isa = PBXFileReference; lastKnownFileType = sourcecode.swift; path = SellView.swift; sourceTree = "<group>"; };
		9D4167E32ADAE9BD00DA3983 /* LicenseObject.swift */ = {isa = PBXFileReference; lastKnownFileType = sourcecode.swift; path = LicenseObject.swift; sourceTree = "<group>"; };
		9D4167E52ADAEEEC00DA3983 /* LicenseTextField.swift */ = {isa = PBXFileReference; lastKnownFileType = sourcecode.swift; path = LicenseTextField.swift; sourceTree = "<group>"; };
		9D4167E72ADAF7AE00DA3983 /* Sidebar.swift */ = {isa = PBXFileReference; lastKnownFileType = sourcecode.swift; path = Sidebar.swift; sourceTree = "<group>"; };
		9D70CF502AD99A2B004A329D /* HeyDealerClone.app */ = {isa = PBXFileReference; explicitFileType = wrapper.application; includeInIndex = 0; path = HeyDealerClone.app; sourceTree = BUILT_PRODUCTS_DIR; };
		9D70CF532AD99A2B004A329D /* HeyDealerCloneApp.swift */ = {isa = PBXFileReference; lastKnownFileType = sourcecode.swift; path = HeyDealerCloneApp.swift; sourceTree = "<group>"; };
		9D70CF552AD99A2B004A329D /* ContentView.swift */ = {isa = PBXFileReference; lastKnownFileType = sourcecode.swift; path = ContentView.swift; sourceTree = "<group>"; };
		9D70CF572AD99A2C004A329D /* Assets.xcassets */ = {isa = PBXFileReference; lastKnownFileType = folder.assetcatalog; path = Assets.xcassets; sourceTree = "<group>"; };
		9D70CF5A2AD99A2C004A329D /* Preview Assets.xcassets */ = {isa = PBXFileReference; lastKnownFileType = folder.assetcatalog; path = "Preview Assets.xcassets"; sourceTree = "<group>"; };
		9D70CF612AD99B45004A329D /* OnboardingView.swift */ = {isa = PBXFileReference; lastKnownFileType = sourcecode.swift; path = OnboardingView.swift; sourceTree = "<group>"; };
		9D70CF652AD99C1B004A329D /* FontManager.swift */ = {isa = PBXFileReference; lastKnownFileType = sourcecode.swift; path = FontManager.swift; sourceTree = "<group>"; };
		9D70CF672AD99C51004A329D /* Pretendard-Regular.otf */ = {isa = PBXFileReference; lastKnownFileType = file; path = "Pretendard-Regular.otf"; sourceTree = "<group>"; };
		9D70CF682AD99C51004A329D /* Pretendard-Black.otf */ = {isa = PBXFileReference; lastKnownFileType = file; path = "Pretendard-Black.otf"; sourceTree = "<group>"; };
		9D70CF692AD99C51004A329D /* Pretendard-SemiBold.otf */ = {isa = PBXFileReference; lastKnownFileType = file; path = "Pretendard-SemiBold.otf"; sourceTree = "<group>"; };
		9D70CF6A2AD99C51004A329D /* Pretendard-ExtraLight.otf */ = {isa = PBXFileReference; lastKnownFileType = file; path = "Pretendard-ExtraLight.otf"; sourceTree = "<group>"; };
		9D70CF6B2AD99C51004A329D /* Pretendard-ExtraBold.otf */ = {isa = PBXFileReference; lastKnownFileType = file; path = "Pretendard-ExtraBold.otf"; sourceTree = "<group>"; };
		9D70CF6C2AD99C51004A329D /* Pretendard-Thin.otf */ = {isa = PBXFileReference; lastKnownFileType = file; path = "Pretendard-Thin.otf"; sourceTree = "<group>"; };
		9D70CF6D2AD99C51004A329D /* Pretendard-Bold.otf */ = {isa = PBXFileReference; lastKnownFileType = file; path = "Pretendard-Bold.otf"; sourceTree = "<group>"; };
		9D70CF6E2AD99C51004A329D /* Pretendard-Medium.otf */ = {isa = PBXFileReference; lastKnownFileType = file; path = "Pretendard-Medium.otf"; sourceTree = "<group>"; };
		9D70CF6F2AD99C51004A329D /* Pretendard-Light.otf */ = {isa = PBXFileReference; lastKnownFileType = file; path = "Pretendard-Light.otf"; sourceTree = "<group>"; };
		9D70CF792AD99C85004A329D /* Info.plist */ = {isa = PBXFileReference; lastKnownFileType = text.plist; path = Info.plist; sourceTree = "<group>"; };
		9D70CF7A2AD9A927004A329D /* WebView.swift */ = {isa = PBXFileReference; lastKnownFileType = sourcecode.swift; path = WebView.swift; sourceTree = "<group>"; };
		9D70CF7C2AD9B0B0004A329D /* OnboardingAnimationView.swift */ = {isa = PBXFileReference; lastKnownFileType = sourcecode.swift; path = OnboardingAnimationView.swift; sourceTree = "<group>"; };
		9D8FCFA02ADA54BD00009528 /* toy_car.scn */ = {isa = PBXFileReference; lastKnownFileType = file.bplist; path = toy_car.scn; sourceTree = "<group>"; };
		9D8FCFA22ADA54F700009528 /* CustomSceneView.swift */ = {isa = PBXFileReference; lastKnownFileType = sourcecode.swift; path = CustomSceneView.swift; sourceTree = "<group>"; };
		9D8FCFA42ADA55A200009528 /* CarView.swift */ = {isa = PBXFileReference; lastKnownFileType = sourcecode.swift; path = CarView.swift; sourceTree = "<group>"; };
		9D8FCFA62ADA90E700009528 /* MainCustomTabBar.swift */ = {isa = PBXFileReference; lastKnownFileType = sourcecode.swift; path = MainCustomTabBar.swift; sourceTree = "<group>"; };
/* End PBXFileReference section */

/* Begin PBXFrameworksBuildPhase section */
		9D70CF4D2AD99A2B004A329D /* Frameworks */ = {
			isa = PBXFrameworksBuildPhase;
			buildActionMask = 2147483647;
			files = (
			);
			runOnlyForDeploymentPostprocessing = 0;
		};
/* End PBXFrameworksBuildPhase section */

/* Begin PBXGroup section */
		9D4167D62ADAD83F00DA3983 /* Colors */ = {
			isa = PBXGroup;
			children = (
				9D4167D72ADAD84B00DA3983 /* Color.swift */,
			);
			path = Colors;
			sourceTree = "<group>";
		};
		9D4167D92ADAE8CD00DA3983 /* Sells */ = {
			isa = PBXGroup;
			children = (
				9D4167E12ADAE94700DA3983 /* SellView.swift */,
			);
			path = Sells;
			sourceTree = "<group>";
		};
		9D4167DA2ADAE8E400DA3983 /* Buys */ = {
			isa = PBXGroup;
			children = (
				9D4167DF2ADAE92900DA3983 /* BuyView.swift */,
			);
			path = Buys;
			sourceTree = "<group>";
		};
		9D4167DB2ADAE8EA00DA3983 /* LookArounds */ = {
			isa = PBXGroup;
			children = (
			);
			path = LookArounds;
			sourceTree = "<group>";
		};
		9D4167DC2ADAE8F600DA3983 /* MainView */ = {
			isa = PBXGroup;
			children = (
				9D8FCFA62ADA90E700009528 /* MainCustomTabBar.swift */,
				9D4167DD2ADAE90900DA3983 /* MainTitle.swift */,
				9D4167E52ADAEEEC00DA3983 /* LicenseTextField.swift */,
				9D4167E72ADAF7AE00DA3983 /* Sidebar.swift */,
				9D4167DB2ADAE8EA00DA3983 /* LookArounds */,
				9D4167DA2ADAE8E400DA3983 /* Buys */,
				9D4167D92ADAE8CD00DA3983 /* Sells */,
			);
			path = MainView;
			sourceTree = "<group>";
		};
		9D70CF472AD99A2B004A329D = {
			isa = PBXGroup;
			children = (
				9D8FCFA02ADA54BD00009528 /* toy_car.scn */,
				9D70CF522AD99A2B004A329D /* HeyDealerClone */,
				9D70CF512AD99A2B004A329D /* Products */,
			);
			sourceTree = "<group>";
		};
		9D70CF512AD99A2B004A329D /* Products */ = {
			isa = PBXGroup;
			children = (
				9D70CF502AD99A2B004A329D /* HeyDealerClone.app */,
			);
			name = Products;
			sourceTree = "<group>";
		};
		9D70CF522AD99A2B004A329D /* HeyDealerClone */ = {
			isa = PBXGroup;
			children = (
				9D70CF792AD99C85004A329D /* Info.plist */,
				9D70CF532AD99A2B004A329D /* HeyDealerCloneApp.swift */,
				9D70CF552AD99A2B004A329D /* ContentView.swift */,
				9D4167DC2ADAE8F600DA3983 /* MainView */,
				9D8FCFA82ADA910D00009528 /* Onboardings */,
				9D70CF7A2AD9A927004A329D /* WebView.swift */,
				9D70CF632AD99C00004A329D /* Utilities */,
				9D70CF572AD99A2C004A329D /* Assets.xcassets */,
				9D70CF592AD99A2C004A329D /* Preview Content */,
			);
			path = HeyDealerClone;
			sourceTree = "<group>";
		};
		9D70CF592AD99A2C004A329D /* Preview Content */ = {
			isa = PBXGroup;
			children = (
				9D70CF5A2AD99A2C004A329D /* Preview Assets.xcassets */,
			);
			path = "Preview Content";
			sourceTree = "<group>";
		};
		9D70CF632AD99C00004A329D /* Utilities */ = {
			isa = PBXGroup;
			children = (
				9D4167D62ADAD83F00DA3983 /* Colors */,
				9D70CF642AD99C0D004A329D /* Fonts */,
			);
			path = Utilities;
			sourceTree = "<group>";
		};
		9D70CF642AD99C0D004A329D /* Fonts */ = {
			isa = PBXGroup;
			children = (
				9D70CF682AD99C51004A329D /* Pretendard-Black.otf */,
				9D70CF6D2AD99C51004A329D /* Pretendard-Bold.otf */,
				9D70CF6B2AD99C51004A329D /* Pretendard-ExtraBold.otf */,
				9D70CF6A2AD99C51004A329D /* Pretendard-ExtraLight.otf */,
				9D70CF6F2AD99C51004A329D /* Pretendard-Light.otf */,
				9D70CF6E2AD99C51004A329D /* Pretendard-Medium.otf */,
				9D70CF672AD99C51004A329D /* Pretendard-Regular.otf */,
				9D70CF692AD99C51004A329D /* Pretendard-SemiBold.otf */,
				9D70CF6C2AD99C51004A329D /* Pretendard-Thin.otf */,
				9D70CF652AD99C1B004A329D /* FontManager.swift */,
			);
			path = Fonts;
			sourceTree = "<group>";
		};
		9D8FCFA82ADA910D00009528 /* Onboardings */ = {
			isa = PBXGroup;
			children = (
				9D8FCFA92ADA912600009528 /* SceneKitView */,
				9D70CF612AD99B45004A329D /* OnboardingView.swift */,
				9D70CF7C2AD9B0B0004A329D /* OnboardingAnimationView.swift */,
				9D4167E32ADAE9BD00DA3983 /* LicenseObject.swift */,
			);
			path = Onboardings;
			sourceTree = "<group>";
		};
		9D8FCFA92ADA912600009528 /* SceneKitView */ = {
			isa = PBXGroup;
			children = (
				9D8FCFA22ADA54F700009528 /* CustomSceneView.swift */,
				9D8FCFA42ADA55A200009528 /* CarView.swift */,
			);
			path = SceneKitView;
			sourceTree = "<group>";
		};
/* End PBXGroup section */

/* Begin PBXNativeTarget section */
		9D70CF4F2AD99A2B004A329D /* HeyDealerClone */ = {
			isa = PBXNativeTarget;
			buildConfigurationList = 9D70CF5E2AD99A2C004A329D /* Build configuration list for PBXNativeTarget "HeyDealerClone" */;
			buildPhases = (
				9D70CF4C2AD99A2B004A329D /* Sources */,
				9D70CF4D2AD99A2B004A329D /* Frameworks */,
				9D70CF4E2AD99A2B004A329D /* Resources */,
			);
			buildRules = (
			);
			dependencies = (
			);
			name = HeyDealerClone;
			productName = HeyDealerClone;
			productReference = 9D70CF502AD99A2B004A329D /* HeyDealerClone.app */;
			productType = "com.apple.product-type.application";
		};
/* End PBXNativeTarget section */

/* Begin PBXProject section */
		9D70CF482AD99A2B004A329D /* Project object */ = {
			isa = PBXProject;
			attributes = {
				BuildIndependentTargetsInParallel = 1;
				LastSwiftUpdateCheck = 1430;
				LastUpgradeCheck = 1430;
				TargetAttributes = {
					9D70CF4F2AD99A2B004A329D = {
						CreatedOnToolsVersion = 14.3.1;
					};
				};
			};
			buildConfigurationList = 9D70CF4B2AD99A2B004A329D /* Build configuration list for PBXProject "HeyDealerClone" */;
			compatibilityVersion = "Xcode 14.0";
			developmentRegion = en;
			hasScannedForEncodings = 0;
			knownRegions = (
				en,
				Base,
			);
			mainGroup = 9D70CF472AD99A2B004A329D;
			productRefGroup = 9D70CF512AD99A2B004A329D /* Products */;
			projectDirPath = "";
			projectRoot = "";
			targets = (
				9D70CF4F2AD99A2B004A329D /* HeyDealerClone */,
			);
		};
/* End PBXProject section */

/* Begin PBXResourcesBuildPhase section */
		9D70CF4E2AD99A2B004A329D /* Resources */ = {
			isa = PBXResourcesBuildPhase;
			buildActionMask = 2147483647;
			files = (
				9D8FCFA12ADA54BD00009528 /* toy_car.scn in Resources */,
				9D70CF732AD99C51004A329D /* Pretendard-ExtraLight.otf in Resources */,
				9D70CF772AD99C51004A329D /* Pretendard-Medium.otf in Resources */,
				9D70CF5B2AD99A2C004A329D /* Preview Assets.xcassets in Resources */,
				9D70CF742AD99C51004A329D /* Pretendard-ExtraBold.otf in Resources */,
				9D70CF752AD99C51004A329D /* Pretendard-Thin.otf in Resources */,
				9D70CF782AD99C51004A329D /* Pretendard-Light.otf in Resources */,
				9D70CF702AD99C51004A329D /* Pretendard-Regular.otf in Resources */,
				9D70CF722AD99C51004A329D /* Pretendard-SemiBold.otf in Resources */,
				9D70CF712AD99C51004A329D /* Pretendard-Black.otf in Resources */,
				9D70CF762AD99C51004A329D /* Pretendard-Bold.otf in Resources */,
				9D70CF582AD99A2C004A329D /* Assets.xcassets in Resources */,
			);
			runOnlyForDeploymentPostprocessing = 0;
		};
/* End PBXResourcesBuildPhase section */

/* Begin PBXSourcesBuildPhase section */
		9D70CF4C2AD99A2B004A329D /* Sources */ = {
			isa = PBXSourcesBuildPhase;
			buildActionMask = 2147483647;
			files = (
				9D70CF622AD99B45004A329D /* OnboardingView.swift in Sources */,
				9D8FCFA52ADA55A200009528 /* CarView.swift in Sources */,
				9D4167E82ADAF7AE00DA3983 /* Sidebar.swift in Sources */,
				9D4167DE2ADAE90900DA3983 /* MainTitle.swift in Sources */,
				9D4167E22ADAE94700DA3983 /* SellView.swift in Sources */,
				9D4167E42ADAE9BD00DA3983 /* LicenseObject.swift in Sources */,
				9D70CF7B2AD9A927004A329D /* WebView.swift in Sources */,
				9D4167D82ADAD84B00DA3983 /* Color.swift in Sources */,
				9D4167E62ADAEEEC00DA3983 /* LicenseTextField.swift in Sources */,
				9D70CF7D2AD9B0B0004A329D /* OnboardingAnimationView.swift in Sources */,
				9D70CF562AD99A2B004A329D /* ContentView.swift in Sources */,
				9D4167E02ADAE92900DA3983 /* BuyView.swift in Sources */,
				9D8FCFA32ADA54F700009528 /* CustomSceneView.swift in Sources */,
				9D8FCFA72ADA90E700009528 /* MainCustomTabBar.swift in Sources */,
				9D70CF662AD99C1B004A329D /* FontManager.swift in Sources */,
				9D70CF542AD99A2B004A329D /* HeyDealerCloneApp.swift in Sources */,
			);
			runOnlyForDeploymentPostprocessing = 0;
		};
/* End PBXSourcesBuildPhase section */

/* Begin XCBuildConfiguration section */
		9D70CF5C2AD99A2C004A329D /* Debug */ = {
			isa = XCBuildConfiguration;
			buildSettings = {
				ALWAYS_SEARCH_USER_PATHS = NO;
				CLANG_ANALYZER_NONNULL = YES;
				CLANG_ANALYZER_NUMBER_OBJECT_CONVERSION = YES_AGGRESSIVE;
				CLANG_CXX_LANGUAGE_STANDARD = "gnu++20";
				CLANG_ENABLE_MODULES = YES;
				CLANG_ENABLE_OBJC_ARC = YES;
				CLANG_ENABLE_OBJC_WEAK = YES;
				CLANG_WARN_BLOCK_CAPTURE_AUTORELEASING = YES;
				CLANG_WARN_BOOL_CONVERSION = YES;
				CLANG_WARN_COMMA = YES;
				CLANG_WARN_CONSTANT_CONVERSION = YES;
				CLANG_WARN_DEPRECATED_OBJC_IMPLEMENTATIONS = YES;
				CLANG_WARN_DIRECT_OBJC_ISA_USAGE = YES_ERROR;
				CLANG_WARN_DOCUMENTATION_COMMENTS = YES;
				CLANG_WARN_EMPTY_BODY = YES;
				CLANG_WARN_ENUM_CONVERSION = YES;
				CLANG_WARN_INFINITE_RECURSION = YES;
				CLANG_WARN_INT_CONVERSION = YES;
				CLANG_WARN_NON_LITERAL_NULL_CONVERSION = YES;
				CLANG_WARN_OBJC_IMPLICIT_RETAIN_SELF = YES;
				CLANG_WARN_OBJC_LITERAL_CONVERSION = YES;
				CLANG_WARN_OBJC_ROOT_CLASS = YES_ERROR;
				CLANG_WARN_QUOTED_INCLUDE_IN_FRAMEWORK_HEADER = YES;
				CLANG_WARN_RANGE_LOOP_ANALYSIS = YES;
				CLANG_WARN_STRICT_PROTOTYPES = YES;
				CLANG_WARN_SUSPICIOUS_MOVE = YES;
				CLANG_WARN_UNGUARDED_AVAILABILITY = YES_AGGRESSIVE;
				CLANG_WARN_UNREACHABLE_CODE = YES;
				CLANG_WARN__DUPLICATE_METHOD_MATCH = YES;
				COPY_PHASE_STRIP = NO;
				DEBUG_INFORMATION_FORMAT = dwarf;
				ENABLE_STRICT_OBJC_MSGSEND = YES;
				ENABLE_TESTABILITY = YES;
				GCC_C_LANGUAGE_STANDARD = gnu11;
				GCC_DYNAMIC_NO_PIC = NO;
				GCC_NO_COMMON_BLOCKS = YES;
				GCC_OPTIMIZATION_LEVEL = 0;
				GCC_PREPROCESSOR_DEFINITIONS = (
					"DEBUG=1",
					"$(inherited)",
				);
				GCC_WARN_64_TO_32_BIT_CONVERSION = YES;
				GCC_WARN_ABOUT_RETURN_TYPE = YES_ERROR;
				GCC_WARN_UNDECLARED_SELECTOR = YES;
				GCC_WARN_UNINITIALIZED_AUTOS = YES_AGGRESSIVE;
				GCC_WARN_UNUSED_FUNCTION = YES;
				GCC_WARN_UNUSED_VARIABLE = YES;
				IPHONEOS_DEPLOYMENT_TARGET = 16.4;
				MTL_ENABLE_DEBUG_INFO = INCLUDE_SOURCE;
				MTL_FAST_MATH = YES;
				ONLY_ACTIVE_ARCH = YES;
				SDKROOT = iphoneos;
				SWIFT_ACTIVE_COMPILATION_CONDITIONS = DEBUG;
				SWIFT_OPTIMIZATION_LEVEL = "-Onone";
			};
			name = Debug;
		};
		9D70CF5D2AD99A2C004A329D /* Release */ = {
			isa = XCBuildConfiguration;
			buildSettings = {
				ALWAYS_SEARCH_USER_PATHS = NO;
				CLANG_ANALYZER_NONNULL = YES;
				CLANG_ANALYZER_NUMBER_OBJECT_CONVERSION = YES_AGGRESSIVE;
				CLANG_CXX_LANGUAGE_STANDARD = "gnu++20";
				CLANG_ENABLE_MODULES = YES;
				CLANG_ENABLE_OBJC_ARC = YES;
				CLANG_ENABLE_OBJC_WEAK = YES;
				CLANG_WARN_BLOCK_CAPTURE_AUTORELEASING = YES;
				CLANG_WARN_BOOL_CONVERSION = YES;
				CLANG_WARN_COMMA = YES;
				CLANG_WARN_CONSTANT_CONVERSION = YES;
				CLANG_WARN_DEPRECATED_OBJC_IMPLEMENTATIONS = YES;
				CLANG_WARN_DIRECT_OBJC_ISA_USAGE = YES_ERROR;
				CLANG_WARN_DOCUMENTATION_COMMENTS = YES;
				CLANG_WARN_EMPTY_BODY = YES;
				CLANG_WARN_ENUM_CONVERSION = YES;
				CLANG_WARN_INFINITE_RECURSION = YES;
				CLANG_WARN_INT_CONVERSION = YES;
				CLANG_WARN_NON_LITERAL_NULL_CONVERSION = YES;
				CLANG_WARN_OBJC_IMPLICIT_RETAIN_SELF = YES;
				CLANG_WARN_OBJC_LITERAL_CONVERSION = YES;
				CLANG_WARN_OBJC_ROOT_CLASS = YES_ERROR;
				CLANG_WARN_QUOTED_INCLUDE_IN_FRAMEWORK_HEADER = YES;
				CLANG_WARN_RANGE_LOOP_ANALYSIS = YES;
				CLANG_WARN_STRICT_PROTOTYPES = YES;
				CLANG_WARN_SUSPICIOUS_MOVE = YES;
				CLANG_WARN_UNGUARDED_AVAILABILITY = YES_AGGRESSIVE;
				CLANG_WARN_UNREACHABLE_CODE = YES;
				CLANG_WARN__DUPLICATE_METHOD_MATCH = YES;
				COPY_PHASE_STRIP = NO;
				DEBUG_INFORMATION_FORMAT = "dwarf-with-dsym";
				ENABLE_NS_ASSERTIONS = NO;
				ENABLE_STRICT_OBJC_MSGSEND = YES;
				GCC_C_LANGUAGE_STANDARD = gnu11;
				GCC_NO_COMMON_BLOCKS = YES;
				GCC_WARN_64_TO_32_BIT_CONVERSION = YES;
				GCC_WARN_ABOUT_RETURN_TYPE = YES_ERROR;
				GCC_WARN_UNDECLARED_SELECTOR = YES;
				GCC_WARN_UNINITIALIZED_AUTOS = YES_AGGRESSIVE;
				GCC_WARN_UNUSED_FUNCTION = YES;
				GCC_WARN_UNUSED_VARIABLE = YES;
				IPHONEOS_DEPLOYMENT_TARGET = 16.4;
				MTL_ENABLE_DEBUG_INFO = NO;
				MTL_FAST_MATH = YES;
				SDKROOT = iphoneos;
				SWIFT_COMPILATION_MODE = wholemodule;
				SWIFT_OPTIMIZATION_LEVEL = "-O";
				VALIDATE_PRODUCT = YES;
			};
			name = Release;
		};
		9D70CF5F2AD99A2C004A329D /* Debug */ = {
			isa = XCBuildConfiguration;
			buildSettings = {
				ASSETCATALOG_COMPILER_APPICON_NAME = AppIcon;
				ASSETCATALOG_COMPILER_GLOBAL_ACCENT_COLOR_NAME = AccentColor;
				CODE_SIGN_STYLE = Automatic;
				CURRENT_PROJECT_VERSION = 1;
				DEVELOPMENT_ASSET_PATHS = "\"HeyDealerClone/Preview Content\"";
				DEVELOPMENT_TEAM = ZDJ95T6M99;
				ENABLE_PREVIEWS = YES;
				GENERATE_INFOPLIST_FILE = YES;
				INFOPLIST_FILE = HeyDealerClone/Info.plist;
				INFOPLIST_KEY_UIApplicationSceneManifest_Generation = YES;
				INFOPLIST_KEY_UIApplicationSupportsIndirectInputEvents = YES;
				INFOPLIST_KEY_UISupportedInterfaceOrientations_iPad = "UIInterfaceOrientationPortrait UIInterfaceOrientationPortraitUpsideDown UIInterfaceOrientationLandscapeLeft UIInterfaceOrientationLandscapeRight";
				INFOPLIST_KEY_UISupportedInterfaceOrientations_iPhone = "UIInterfaceOrientationPortrait UIInterfaceOrientationLandscapeLeft UIInterfaceOrientationLandscapeRight";
				INFOPLIST_KEY_UIUserInterfaceStyle = Light;
				IPHONEOS_DEPLOYMENT_TARGET = 16.0;
				LD_RUNPATH_SEARCH_PATHS = (
					"$(inherited)",
					"@executable_path/Frameworks",
				);
				MARKETING_VERSION = 1.0;
				PRODUCT_BUNDLE_IDENTIFIER = io.woozoobro.HeyDealerClone;
				PRODUCT_NAME = "$(TARGET_NAME)";
				SWIFT_EMIT_LOC_STRINGS = YES;
				SWIFT_VERSION = 5.0;
				TARGETED_DEVICE_FAMILY = "1,2";
			};
			name = Debug;
		};
		9D70CF602AD99A2C004A329D /* Release */ = {
			isa = XCBuildConfiguration;
			buildSettings = {
				ASSETCATALOG_COMPILER_APPICON_NAME = AppIcon;
				ASSETCATALOG_COMPILER_GLOBAL_ACCENT_COLOR_NAME = AccentColor;
				CODE_SIGN_STYLE = Automatic;
				CURRENT_PROJECT_VERSION = 1;
				DEVELOPMENT_ASSET_PATHS = "\"HeyDealerClone/Preview Content\"";
				DEVELOPMENT_TEAM = ZDJ95T6M99;
				ENABLE_PREVIEWS = YES;
				GENERATE_INFOPLIST_FILE = YES;
				INFOPLIST_FILE = HeyDealerClone/Info.plist;
				INFOPLIST_KEY_UIApplicationSceneManifest_Generation = YES;
				INFOPLIST_KEY_UIApplicationSupportsIndirectInputEvents = YES;
				INFOPLIST_KEY_UISupportedInterfaceOrientations_iPad = "UIInterfaceOrientationPortrait UIInterfaceOrientationPortraitUpsideDown UIInterfaceOrientationLandscapeLeft UIInterfaceOrientationLandscapeRight";
				INFOPLIST_KEY_UISupportedInterfaceOrientations_iPhone = "UIInterfaceOrientationPortrait UIInterfaceOrientationLandscapeLeft UIInterfaceOrientationLandscapeRight";
				INFOPLIST_KEY_UIUserInterfaceStyle = Light;
				IPHONEOS_DEPLOYMENT_TARGET = 16.0;
				LD_RUNPATH_SEARCH_PATHS = (
					"$(inherited)",
					"@executable_path/Frameworks",
				);
				MARKETING_VERSION = 1.0;
				PRODUCT_BUNDLE_IDENTIFIER = io.woozoobro.HeyDealerClone;
				PRODUCT_NAME = "$(TARGET_NAME)";
				SWIFT_EMIT_LOC_STRINGS = YES;
				SWIFT_VERSION = 5.0;
				TARGETED_DEVICE_FAMILY = "1,2";
			};
			name = Release;
		};
/* End XCBuildConfiguration section */

/* Begin XCConfigurationList section */
		9D70CF4B2AD99A2B004A329D /* Build configuration list for PBXProject "HeyDealerClone" */ = {
			isa = XCConfigurationList;
			buildConfigurations = (
				9D70CF5C2AD99A2C004A329D /* Debug */,
				9D70CF5D2AD99A2C004A329D /* Release */,
			);
			defaultConfigurationIsVisible = 0;
			defaultConfigurationName = Release;
		};
		9D70CF5E2AD99A2C004A329D /* Build configuration list for PBXNativeTarget "HeyDealerClone" */ = {
			isa = XCConfigurationList;
			buildConfigurations = (
				9D70CF5F2AD99A2C004A329D /* Debug */,
				9D70CF602AD99A2C004A329D /* Release */,
			);
			defaultConfigurationIsVisible = 0;
			defaultConfigurationName = Release;
		};
/* End XCConfigurationList section */
	};
	rootObject = 9D70CF482AD99A2B004A329D /* Project object */;
}
